<?xml version="1.0" encoding="utf-8"?>
<Project ToolsVersion="4.0" xmlns="http://schemas.microsoft.com/developer/msbuild/2003">
  <ItemGroup>
    <Filter Include="Fichiers sources">
      <UniqueIdentifier>{4FC737F1-C7A5-4376-A066-2A32D752A2FF}</UniqueIdentifier>
      <Extensions>cpp;c;cc;cxx;c++;cppm;ixx;def;odl;idl;hpj;bat;asm;asmx</Extensions>
    </Filter>
    <Filter Include="Fichiers d%27en-tête">
      <UniqueIdentifier>{93995380-89BD-4b04-88EB-625FBE52EBFB}</UniqueIdentifier>
      <Extensions>h;hh;hpp;hxx;h++;hm;inl;inc;ipp;xsd</Extensions>
    </Filter>
    <Filter Include="Fichiers de ressources">
      <UniqueIdentifier>{67DA6AB6-F800-4c08-8B7A-83BB121AAD01}</UniqueIdentifier>
      <Extensions>rc;ico;cur;bmp;dlg;rc2;rct;bin;rgs;gif;jpg;jpeg;jpe;resx;tiff;tif;png;wav;mfcribbon-ms</Extensions>
    </Filter>
    <Filter Include="Fichiers d%27en-tête\Winamp">
      <UniqueIdentifier>{1b5b0708-27cb-4cc2-ae8a-2dcc15b6f066}</UniqueIdentifier>
    </Filter>
  </ItemGroup>
  <ItemGroup>
    <ClInclude Include="framework.h">
      <Filter>Fichiers d%27en-tête</Filter>
    </ClInclude>
    <ClInclude Include="targetver.h">
      <Filter>Fichiers d%27en-tête</Filter>
    </ClInclude>
    <ClInclude Include="Resource.h">
      <Filter>Fichiers d%27en-tête</Filter>
    </ClInclude>
    <ClInclude Include="winamp-plugin-tester.h">
      <Filter>Fichiers d%27en-tête</Filter>
    </ClInclude>
    <ClInclude Include="WinampVisualPlugin.h">
      <Filter>Fichiers d%27en-tête</Filter>
    </ClInclude>
    <ClInclude Include="winamp\DSP.H">
      <Filter>Fichiers d%27en-tête\Winamp</Filter>
    </ClInclude>
    <ClInclude Include="winamp\GEN.H">
      <Filter>Fichiers d%27en-tête\Winamp</Filter>
    </ClInclude>
    <ClInclude Include="winamp\IN2.H">
      <Filter>Fichiers d%27en-tête\Winamp</Filter>
    </ClInclude>
    <ClInclude Include="winamp\ipc_pe.h">
      <Filter>Fichiers d%27en-tête\Winamp</Filter>
    </ClInclude>
    <ClInclude Include="winamp\OUT.H">
      <Filter>Fichiers d%27en-tête\Winamp</Filter>
    </ClInclude>
    <ClInclude Include="winamp\wa_dlg.h">
      <Filter>Fichiers d%27en-tête\Winamp</Filter>
    </ClInclude>
    <ClInclude Include="winamp\wa_hotkeys.h">
      <Filter>Fichiers d%27en-tête\Winamp</Filter>
    </ClInclude>
    <ClInclude Include="winamp\wa_ipc.h">
      <Filter>Fichiers d%27en-tête\Winamp</Filter>
    </ClInclude>
  </ItemGroup>
  <ItemGroup>
    <ClCompile Include="winamp-plugin-tester.cpp">
      <Filter>Fichiers sources</Filter>
    </ClCompile>
  </ItemGroup>
  <ItemGroup>
    <ResourceCompile Include="winamp-plugin-tester.rc">
      <Filter>Fichiers de ressources</Filter>
    </ResourceCompile>
  </ItemGroup>
  <ItemGroup>
    <Image Include="small.ico">
      <Filter>Fichiers de ressources</Filter>
    </Image>
    <Image Include="winamp-plugin-tester.ico">
      <Filter>Fichiers de ressources</Filter>
    </Image>
  </ItemGroup>
</Project>